
Microsoft Visual Studio Solution File, Format Version 12.00
# Visual Studio Version 16
VisualStudioVersion = 16.0.32126.315
MinimumVisualStudioVersion = 10.0.40219.1
Project("{FAE04EC0-301F-11D3-BF4B-00C04F79EFBC}") = "Автомир", "Автомир.csproj", "{EA984786-ACAE-4CCF-BE5E-CBE88076AC64}"
EndProject
Global
	GlobalSection(SolutionConfigurationPlatforms) = preSolution
		Debug|Any CPU = Debug|Any CPU
		Release|Any CPU = Release|Any CPU
	EndGlobalSection
	GlobalSection(ProjectConfigurationPlatforms) = postSolution
		{EA984786-ACAE-4CCF-BE5E-CBE88076AC64}.Debug|Any CPU.ActiveCfg = Debug|Any CPU
		{EA984786-ACAE-4CCF-BE5E-CBE88076AC64}.Debug|Any CPU.Build.0 = Debug|Any CPU
		{EA984786-ACAE-4CCF-BE5E-CBE88076AC64}.Release|Any CPU.ActiveCfg = Release|Any CPU
		{EA984786-ACAE-4CCF-BE5E-CBE88076AC64}.Release|Any CPU.Build.0 = Release|Any CPU
	EndGlobalSection
	GlobalSection(SolutionProperties) = preSolution
		HideSolutionNode = FALSE
	EndGlobalSection
	GlobalSection(ExtensibilityGlobals) = postSolution
		SolutionGuid = {D4E7B744-752A-4887-801C-C95D1E96401C}
	EndGlobalSection
EndGlobal
